
Microsoft Visual Studio Solution File, Format Version 12.00
# Visual Studio Version 17
VisualStudioVersion = 17.9.34728.123
MinimumVisualStudioVersion = 10.0.40219.1
Project("{FAE04EC0-301F-11D3-BF4B-00C04F79EFBC}") = "Water Station_Gallon MS", "Water Station_Gallon MS\Water Station_Gallon MS.csproj", "{F0A25598-A93E-40BB-8D05-B662CF5B46C5}"
EndProject
Global
	GlobalSection(SolutionConfigurationPlatforms) = preSolution
		Debug|Any CPU = Debug|Any CPU
		Release|Any CPU = Release|Any CPU
	EndGlobalSection
	GlobalSection(ProjectConfigurationPlatforms) = postSolution
		{F0A25598-A93E-40BB-8D05-B662CF5B46C5}.Debug|Any CPU.ActiveCfg = Debug|Any CPU
		{F0A25598-A93E-40BB-8D05-B662CF5B46C5}.Debug|Any CPU.Build.0 = Debug|Any CPU
		{F0A25598-A93E-40BB-8D05-B662CF5B46C5}.Release|Any CPU.ActiveCfg = Release|Any CPU
		{F0A25598-A93E-40BB-8D05-B662CF5B46C5}.Release|Any CPU.Build.0 = Release|Any CPU
	EndGlobalSection
	GlobalSection(SolutionProperties) = preSolution
		HideSolutionNode = FALSE
	EndGlobalSection
	GlobalSection(ExtensibilityGlobals) = postSolution
		SolutionGuid = {D8FB813B-7609-477E-B7F5-9B95B0E3121C}
	EndGlobalSection
EndGlobal
